
Microsoft Visual Studio Solution File, Format Version 12.00
# Visual Studio Version 16
VisualStudioVersion = 16.0.29418.71
MinimumVisualStudioVersion = 10.0.40219.1
Project("{9A19103F-16F7-4668-BE54-9A1E7A4F7556}") = "Portfolio.Cvilized", "Portfolio.Cvilized\Portfolio.Cvilized.csproj", "{780FFFA8-1F40-4AF0-986F-09CCFD9319A1}"
EndProject
Global
	GlobalSection(SolutionConfigurationPlatforms) = preSolution
		Debug|Any CPU = Debug|Any CPU
		Release|Any CPU = Release|Any CPU
	EndGlobalSection
	GlobalSection(ProjectConfigurationPlatforms) = postSolution
		{780FFFA8-1F40-4AF0-986F-09CCFD9319A1}.Debug|Any CPU.ActiveCfg = Debug|Any CPU
		{780FFFA8-1F40-4AF0-986F-09CCFD9319A1}.Debug|Any CPU.Build.0 = Debug|Any CPU
		{780FFFA8-1F40-4AF0-986F-09CCFD9319A1}.Release|Any CPU.ActiveCfg = Release|Any CPU
		{780FFFA8-1F40-4AF0-986F-09CCFD9319A1}.Release|Any CPU.Build.0 = Release|Any CPU
	EndGlobalSection
	GlobalSection(SolutionProperties) = preSolution
		HideSolutionNode = FALSE
	EndGlobalSection
	GlobalSection(ExtensibilityGlobals) = postSolution
		SolutionGuid = {87FC83BA-427B-4246-85E1-F9E2C2030106}
	EndGlobalSection
EndGlobal
